{
  "name": "webfinger-sanity-check",
  "version": "1.0.0",
  "lockfileVersion": 1,
  "requires": true,
  "dependencies": {
    "sax": {
      "version": "1.2.4",
      "resolved": "https://registry.npmjs.org/sax/-/sax-1.2.4.tgz",
      "integrity": "sha512-NqVDv9TpANUjFm0N8uM5GxL36UgKi9/atZw+x7YFnQ8ckwFGKrl4xX4yWtrey3UJm5nP1kUbnYgLopqWNSRhWw=="
    },
    "step": {
      "version": "0.0.6",
      "resolved": "https://registry.npmjs.org/step/-/step-0.0.6.tgz",
      "integrity": "sha1-FD54SaXX0/SgiP4pr5SRUhbu7eI="
    },
    "webfinger": {
      "version": "git://github.com/rburns/webfinger.git#0c0f7014fbffc7cd8046dfec8c7127701f84b44f",
      "from": "git://github.com/rburns/webfinger.git#master",
      "requires": {
        "step": "0.0.x",
        "xml2js": "0.1.x"
      }
    },
    "xml2js": {
      "version": "0.1.14",
      "resolved": "https://registry.npmjs.org/xml2js/-/xml2js-0.1.14.tgz",
      "integrity": "sha1-UnTmf1pkxfkpdM2FE54DMq3GuQw=",
      "requires": {
        "sax": ">=0.1.1"
      }
    }
  }
}
